// !$*UTF8*$!
{
	archiveVersion = 1;
	classes = {
	};
	objectVersion = 50;
	objects = {

/* Begin PBXBuildFile section */
		F100AD8123CA6CCE004A96B4 /* AppDelegate.swift in Sources */ = {isa = PBXBuildFile; fileRef = F100AD8023CA6CCE004A96B4 /* AppDelegate.swift */; };
		F100AD8323CA6CCE004A96B4 /* SceneDelegate.swift in Sources */ = {isa = PBXBuildFile; fileRef = F100AD8223CA6CCE004A96B4 /* SceneDelegate.swift */; };
		F100AD8623CA6CCE004A96B4 /* First_iOS_App.xcdatamodeld in Sources */ = {isa = PBXBuildFile; fileRef = F100AD8423CA6CCE004A96B4 /* First_iOS_App.xcdatamodeld */; };
		F100AD8823CA6CCE004A96B4 /* ContentView.swift in Sources */ = {isa = PBXBuildFile; fileRef = F100AD8723CA6CCE004A96B4 /* ContentView.swift */; };
		F100AD8A23CA6CCF004A96B4 /* Assets.xcassets in Resources */ = {isa = PBXBuildFile; fileRef = F100AD8923CA6CCF004A96B4 /* Assets.xcassets */; };
		F100AD8D23CA6CCF004A96B4 /* Preview Assets.xcassets in Resources */ = {isa = PBXBuildFile; fileRef = F100AD8C23CA6CCF004A96B4 /* Preview Assets.xcassets */; };
		F100AD9023CA6CCF004A96B4 /* LaunchScreen.storyboard in Resources */ = {isa = PBXBuildFile; fileRef = F100AD8E23CA6CCF004A96B4 /* LaunchScreen.storyboard */; };
		F100AD9823CA6ED8004A96B4 /* Home.swift in Sources */ = {isa = PBXBuildFile; fileRef = F100AD9723CA6ED8004A96B4 /* Home.swift */; };
		F100ADA323CA9D84004A96B4 /* MaterialModal.swift in Sources */ = {isa = PBXBuildFile; fileRef = F100ADA223CA9D84004A96B4 /* MaterialModal.swift */; };
		F100ADA723CAA2E4004A96B4 /* Material.swift in Sources */ = {isa = PBXBuildFile; fileRef = F100ADA623CAA2E4004A96B4 /* Material.swift */; };
		F100ADA923CAA317004A96B4 /* Semester.swift in Sources */ = {isa = PBXBuildFile; fileRef = F100ADA823CAA317004A96B4 /* Semester.swift */; };
/* End PBXBuildFile section */

/* Begin PBXFileReference section */
		F100AD7D23CA6CCD004A96B4 /* First iOS App.app */ = {isa = PBXFileReference; explicitFileType = wrapper.application; includeInIndex = 0; path = "First iOS App.app"; sourceTree = BUILT_PRODUCTS_DIR; };
		F100AD8023CA6CCE004A96B4 /* AppDelegate.swift */ = {isa = PBXFileReference; lastKnownFileType = sourcecode.swift; path = AppDelegate.swift; sourceTree = "<group>"; };
		F100AD8223CA6CCE004A96B4 /* SceneDelegate.swift */ = {isa = PBXFileReference; lastKnownFileType = sourcecode.swift; path = SceneDelegate.swift; sourceTree = "<group>"; };
		F100AD8523CA6CCE004A96B4 /* First_iOS_App.xcdatamodel */ = {isa = PBXFileReference; lastKnownFileType = wrapper.xcdatamodel; path = First_iOS_App.xcdatamodel; sourceTree = "<group>"; };
		F100AD8723CA6CCE004A96B4 /* ContentView.swift */ = {isa = PBXFileReference; lastKnownFileType = sourcecode.swift; path = ContentView.swift; sourceTree = "<group>"; };
		F100AD8923CA6CCF004A96B4 /* Assets.xcassets */ = {isa = PBXFileReference; lastKnownFileType = folder.assetcatalog; path = Assets.xcassets; sourceTree = "<group>"; };
		F100AD8C23CA6CCF004A96B4 /* Preview Assets.xcassets */ = {isa = PBXFileReference; lastKnownFileType = folder.assetcatalog; path = "Preview Assets.xcassets"; sourceTree = "<group>"; };
		F100AD8F23CA6CCF004A96B4 /* Base */ = {isa = PBXFileReference; lastKnownFileType = file.storyboard; name = Base; path = Base.lproj/LaunchScreen.storyboard; sourceTree = "<group>"; };
		F100AD9123CA6CCF004A96B4 /* Info.plist */ = {isa = PBXFileReference; lastKnownFileType = text.plist.xml; path = Info.plist; sourceTree = "<group>"; };
		F100AD9723CA6ED8004A96B4 /* Home.swift */ = {isa = PBXFileReference; lastKnownFileType = sourcecode.swift; name = Home.swift; path = Views/Home.swift; sourceTree = "<group>"; };
		F100AD9B23CA86BD004A96B4 /* README.md */ = {isa = PBXFileReference; lastKnownFileType = net.daringfireball.markdown; path = README.md; sourceTree = "<group>"; };
		F100ADA223CA9D84004A96B4 /* MaterialModal.swift */ = {isa = PBXFileReference; lastKnownFileType = sourcecode.swift; name = MaterialModal.swift; path = Views/MaterialModal.swift; sourceTree = "<group>"; };
		F100ADA623CAA2E4004A96B4 /* Material.swift */ = {isa = PBXFileReference; lastKnownFileType = sourcecode.swift; name = Material.swift; path = Models/Material.swift; sourceTree = "<group>"; };
		F100ADA823CAA317004A96B4 /* Semester.swift */ = {isa = PBXFileReference; lastKnownFileType = sourcecode.swift; name = Semester.swift; path = Models/Semester.swift; sourceTree = "<group>"; };
/* End PBXFileReference section */

/* Begin PBXFrameworksBuildPhase section */
		F100AD7A23CA6CCD004A96B4 /* Frameworks */ = {
			isa = PBXFrameworksBuildPhase;
			buildActionMask = 2147483647;
			files = (
			);
			runOnlyForDeploymentPostprocessing = 0;
		};
/* End PBXFrameworksBuildPhase section */

/* Begin PBXGroup section */
		F100AD7423CA6CCD004A96B4 = {
			isa = PBXGroup;
			children = (
				F100AD9B23CA86BD004A96B4 /* README.md */,
				F100AD7F23CA6CCD004A96B4 /* First iOS App */,
				F100AD7E23CA6CCD004A96B4 /* Products */,
				F100AD9F23CA8B0C004A96B4 /* Frameworks */,
			);
			sourceTree = "<group>";
		};
		F100AD7E23CA6CCD004A96B4 /* Products */ = {
			isa = PBXGroup;
			children = (
				F100AD7D23CA6CCD004A96B4 /* First iOS App.app */,
			);
			name = Products;
			sourceTree = "<group>";
		};
		F100AD7F23CA6CCD004A96B4 /* First iOS App */ = {
			isa = PBXGroup;
			children = (
				F100AD8023CA6CCE004A96B4 /* AppDelegate.swift */,
				F100AD8223CA6CCE004A96B4 /* SceneDelegate.swift */,
				F100AD8723CA6CCE004A96B4 /* ContentView.swift */,
				F100ADA823CAA317004A96B4 /* Semester.swift */,
				F100ADA623CAA2E4004A96B4 /* Material.swift */,
				F100ADA223CA9D84004A96B4 /* MaterialModal.swift */,
				F100AD9723CA6ED8004A96B4 /* Home.swift */,
				F100AD8923CA6CCF004A96B4 /* Assets.xcassets */,
				F100AD8E23CA6CCF004A96B4 /* LaunchScreen.storyboard */,
				F100AD9123CA6CCF004A96B4 /* Info.plist */,
				F100AD8423CA6CCE004A96B4 /* First_iOS_App.xcdatamodeld */,
				F100AD8B23CA6CCF004A96B4 /* Preview Content */,
			);
			path = "First iOS App";
			sourceTree = "<group>";
		};
		F100AD8B23CA6CCF004A96B4 /* Preview Content */ = {
			isa = PBXGroup;
			children = (
				F100AD8C23CA6CCF004A96B4 /* Preview Assets.xcassets */,
			);
			path = "Preview Content";
			sourceTree = "<group>";
		};
		F100AD9F23CA8B0C004A96B4 /* Frameworks */ = {
			isa = PBXGroup;
			children = (
			);
			name = Frameworks;
			sourceTree = "<group>";
		};
/* End PBXGroup section */

/* Begin PBXNativeTarget section */
		F100AD7C23CA6CCD004A96B4 /* First iOS App */ = {
			isa = PBXNativeTarget;
			buildConfigurationList = F100AD9423CA6CCF004A96B4 /* Build configuration list for PBXNativeTarget "First iOS App" */;
			buildPhases = (
				F100AD7923CA6CCD004A96B4 /* Sources */,
				F100AD7A23CA6CCD004A96B4 /* Frameworks */,
				F100AD7B23CA6CCD004A96B4 /* Resources */,
			);
			buildRules = (
			);
			dependencies = (
			);
			name = "First iOS App";
			packageProductDependencies = (
			);
			productName = "First iOS App";
			productReference = F100AD7D23CA6CCD004A96B4 /* First iOS App.app */;
			productType = "com.apple.product-type.application";
		};
/* End PBXNativeTarget section */

/* Begin PBXProject section */
		F100AD7523CA6CCD004A96B4 /* Project object */ = {
			isa = PBXProject;
			attributes = {
				LastSwiftUpdateCheck = 1120;
				LastUpgradeCheck = 1120;
				ORGANIZATIONNAME = "Valentin Cernuta";
				TargetAttributes = {
					F100AD7C23CA6CCD004A96B4 = {
						CreatedOnToolsVersion = 11.2;
					};
				};
			};
			buildConfigurationList = F100AD7823CA6CCD004A96B4 /* Build configuration list for PBXProject "First iOS App" */;
			compatibilityVersion = "Xcode 9.3";
			developmentRegion = en;
			hasScannedForEncodings = 0;
			knownRegions = (
				en,
				Base,
			);
			mainGroup = F100AD7423CA6CCD004A96B4;
			packageReferences = (
			);
			productRefGroup = F100AD7E23CA6CCD004A96B4 /* Products */;
			projectDirPath = "";
			projectRoot = "";
			targets = (
				F100AD7C23CA6CCD004A96B4 /* First iOS App */,
			);
		};
/* End PBXProject section */

/* Begin PBXResourcesBuildPhase section */
		F100AD7B23CA6CCD004A96B4 /* Resources */ = {
			isa = PBXResourcesBuildPhase;
			buildActionMask = 2147483647;
			files = (
				F100AD9023CA6CCF004A96B4 /* LaunchScreen.storyboard in Resources */,
				F100AD8D23CA6CCF004A96B4 /* Preview Assets.xcassets in Resources */,
				F100AD8A23CA6CCF004A96B4 /* Assets.xcassets in Resources */,
			);
			runOnlyForDeploymentPostprocessing = 0;
		};
/* End PBXResourcesBuildPhase section */

/* Begin PBXSourcesBuildPhase section */
		F100AD7923CA6CCD004A96B4 /* Sources */ = {
			isa = PBXSourcesBuildPhase;
			buildActionMask = 2147483647;
			files = (
				F100ADA723CAA2E4004A96B4 /* Material.swift in Sources */,
				F100ADA923CAA317004A96B4 /* Semester.swift in Sources */,
				F100ADA323CA9D84004A96B4 /* MaterialModal.swift in Sources */,
				F100AD8123CA6CCE004A96B4 /* AppDelegate.swift in Sources */,
				F100AD8623CA6CCE004A96B4 /* First_iOS_App.xcdatamodeld in Sources */,
				F100AD9823CA6ED8004A96B4 /* Home.swift in Sources */,
				F100AD8823CA6CCE004A96B4 /* ContentView.swift in Sources */,
				F100AD8323CA6CCE004A96B4 /* SceneDelegate.swift in Sources */,
			);
			runOnlyForDeploymentPostprocessing = 0;
		};
/* End PBXSourcesBuildPhase section */

/* Begin PBXVariantGroup section */
		F100AD8E23CA6CCF004A96B4 /* LaunchScreen.storyboard */ = {
			isa = PBXVariantGroup;
			children = (
				F100AD8F23CA6CCF004A96B4 /* Base */,
			);
			name = LaunchScreen.storyboard;
			sourceTree = "<group>";
		};
/* End PBXVariantGroup section */

/* Begin XCBuildConfiguration section */
		F100AD9223CA6CCF004A96B4 /* Debug */ = {
			isa = XCBuildConfiguration;
			buildSettings = {
				ALWAYS_SEARCH_USER_PATHS = NO;
				CLANG_ANALYZER_NONNULL = YES;
				CLANG_ANALYZER_NUMBER_OBJECT_CONVERSION = YES_AGGRESSIVE;
				CLANG_CXX_LANGUAGE_STANDARD = "gnu++14";
				CLANG_CXX_LIBRARY = "libc++";
				CLANG_ENABLE_MODULES = YES;
				CLANG_ENABLE_OBJC_ARC = YES;
				CLANG_ENABLE_OBJC_WEAK = YES;
				CLANG_WARN_BLOCK_CAPTURE_AUTORELEASING = YES;
				CLANG_WARN_BOOL_CONVERSION = YES;
				CLANG_WARN_COMMA = YES;
				CLANG_WARN_CONSTANT_CONVERSION = YES;
				CLANG_WARN_DEPRECATED_OBJC_IMPLEMENTATIONS = YES;
				CLANG_WARN_DIRECT_OBJC_ISA_USAGE = YES_ERROR;
				CLANG_WARN_DOCUMENTATION_COMMENTS = YES;
				CLANG_WARN_EMPTY_BODY = YES;
				CLANG_WARN_ENUM_CONVERSION = YES;
				CLANG_WARN_INFINITE_RECURSION = YES;
				CLANG_WARN_INT_CONVERSION = YES;
				CLANG_WARN_NON_LITERAL_NULL_CONVERSION = YES;
				CLANG_WARN_OBJC_IMPLICIT_RETAIN_SELF = YES;
				CLANG_WARN_OBJC_LITERAL_CONVERSION = YES;
				CLANG_WARN_OBJC_ROOT_CLASS = YES_ERROR;
				CLANG_WARN_RANGE_LOOP_ANALYSIS = YES;
				CLANG_WARN_STRICT_PROTOTYPES = YES;
				CLANG_WARN_SUSPICIOUS_MOVE = YES;
				CLANG_WARN_UNGUARDED_AVAILABILITY = YES_AGGRESSIVE;
				CLANG_WARN_UNREACHABLE_CODE = YES;
				CLANG_WARN__DUPLICATE_METHOD_MATCH = YES;
				COPY_PHASE_STRIP = NO;
				DEBUG_INFORMATION_FORMAT = dwarf;
				ENABLE_STRICT_OBJC_MSGSEND = YES;
				ENABLE_TESTABILITY = YES;
				GCC_C_LANGUAGE_STANDARD = gnu11;
				GCC_DYNAMIC_NO_PIC = NO;
				GCC_NO_COMMON_BLOCKS = YES;
				GCC_OPTIMIZATION_LEVEL = 0;
				GCC_PREPROCESSOR_DEFINITIONS = (
					"DEBUG=1",
					"$(inherited)",
				);
				GCC_WARN_64_TO_32_BIT_CONVERSION = YES;
				GCC_WARN_ABOUT_RETURN_TYPE = YES_ERROR;
				GCC_WARN_UNDECLARED_SELECTOR = YES;
				GCC_WARN_UNINITIALIZED_AUTOS = YES_AGGRESSIVE;
				GCC_WARN_UNUSED_FUNCTION = YES;
				GCC_WARN_UNUSED_VARIABLE = YES;
				IPHONEOS_DEPLOYMENT_TARGET = 13.2;
				MTL_ENABLE_DEBUG_INFO = INCLUDE_SOURCE;
				MTL_FAST_MATH = YES;
				ONLY_ACTIVE_ARCH = YES;
				SDKROOT = iphoneos;
				SWIFT_ACTIVE_COMPILATION_CONDITIONS = DEBUG;
				SWIFT_OPTIMIZATION_LEVEL = "-Onone";
			};
			name = Debug;
		};
		F100AD9323CA6CCF004A96B4 /* Release */ = {
			isa = XCBuildConfiguration;
			buildSettings = {
				ALWAYS_SEARCH_USER_PATHS = NO;
				CLANG_ANALYZER_NONNULL = YES;
				CLANG_ANALYZER_NUMBER_OBJECT_CONVERSION = YES_AGGRESSIVE;
				CLANG_CXX_LANGUAGE_STANDARD = "gnu++14";
				CLANG_CXX_LIBRARY = "libc++";
				CLANG_ENABLE_MODULES = YES;
				CLANG_ENABLE_OBJC_ARC = YES;
				CLANG_ENABLE_OBJC_WEAK = YES;
				CLANG_WARN_BLOCK_CAPTURE_AUTORELEASING = YES;
				CLANG_WARN_BOOL_CONVERSION = YES;
				CLANG_WARN_COMMA = YES;
				CLANG_WARN_CONSTANT_CONVERSION = YES;
				CLANG_WARN_DEPRECATED_OBJC_IMPLEMENTATIONS = YES;
				CLANG_WARN_DIRECT_OBJC_ISA_USAGE = YES_ERROR;
				CLANG_WARN_DOCUMENTATION_COMMENTS = YES;
				CLANG_WARN_EMPTY_BODY = YES;
				CLANG_WARN_ENUM_CONVERSION = YES;
				CLANG_WARN_INFINITE_RECURSION = YES;
				CLANG_WARN_INT_CONVERSION = YES;
				CLANG_WARN_NON_LITERAL_NULL_CONVERSION = YES;
				CLANG_WARN_OBJC_IMPLICIT_RETAIN_SELF = YES;
				CLANG_WARN_OBJC_LITERAL_CONVERSION = YES;
				CLANG_WARN_OBJC_ROOT_CLASS = YES_ERROR;
				CLANG_WARN_RANGE_LOOP_ANALYSIS = YES;
				CLANG_WARN_STRICT_PROTOTYPES = YES;
				CLANG_WARN_SUSPICIOUS_MOVE = YES;
				CLANG_WARN_UNGUARDED_AVAILABILITY = YES_AGGRESSIVE;
				CLANG_WARN_UNREACHABLE_CODE = YES;
				CLANG_WARN__DUPLICATE_METHOD_MATCH = YES;
				COPY_PHASE_STRIP = NO;
				DEBUG_INFORMATION_FORMAT = "dwarf-with-dsym";
				ENABLE_NS_ASSERTIONS = NO;
				ENABLE_STRICT_OBJC_MSGSEND = YES;
				GCC_C_LANGUAGE_STANDARD = gnu11;
				GCC_NO_COMMON_BLOCKS = YES;
				GCC_WARN_64_TO_32_BIT_CONVERSION = YES;
				GCC_WARN_ABOUT_RETURN_TYPE = YES_ERROR;
				GCC_WARN_UNDECLARED_SELECTOR = YES;
				GCC_WARN_UNINITIALIZED_AUTOS = YES_AGGRESSIVE;
				GCC_WARN_UNUSED_FUNCTION = YES;
				GCC_WARN_UNUSED_VARIABLE = YES;
				IPHONEOS_DEPLOYMENT_TARGET = 13.2;
				MTL_ENABLE_DEBUG_INFO = NO;
				MTL_FAST_MATH = YES;
				ONLY_ACTIVE_ARCH = NO;
				SDKROOT = iphoneos;
				SWIFT_COMPILATION_MODE = wholemodule;
				SWIFT_OPTIMIZATION_LEVEL = "-O";
				VALIDATE_PRODUCT = YES;
			};
			name = Release;
		};
		F100AD9523CA6CCF004A96B4 /* Debug */ = {
			isa = XCBuildConfiguration;
			buildSettings = {
				ASSETCATALOG_COMPILER_APPICON_NAME = AppIcon;
				CODE_SIGN_STYLE = Automatic;
				DEVELOPMENT_ASSET_PATHS = "\"First iOS App/Preview Content\"";
				DEVELOPMENT_TEAM = 5NH6SVPJ95;
				ENABLE_PREVIEWS = YES;
				INFOPLIST_FILE = "First iOS App/Info.plist";
				LD_RUNPATH_SEARCH_PATHS = (
					"$(inherited)",
					"@executable_path/Frameworks",
				);
				PRODUCT_BUNDLE_IDENTIFIER = "fr.paxtiz.First-iOS-App";
				PRODUCT_NAME = "$(TARGET_NAME)";
				SWIFT_VERSION = 5.0;
				TARGETED_DEVICE_FAMILY = "1,2";
			};
			name = Debug;
		};
		F100AD9623CA6CCF004A96B4 /* Release */ = {
			isa = XCBuildConfiguration;
			buildSettings = {
				ASSETCATALOG_COMPILER_APPICON_NAME = AppIcon;
				CODE_SIGN_STYLE = Automatic;
				DEVELOPMENT_ASSET_PATHS = "\"First iOS App/Preview Content\"";
				DEVELOPMENT_TEAM = 5NH6SVPJ95;
				ENABLE_PREVIEWS = YES;
				INFOPLIST_FILE = "First iOS App/Info.plist";
				LD_RUNPATH_SEARCH_PATHS = (
					"$(inherited)",
					"@executable_path/Frameworks",
				);
				PRODUCT_BUNDLE_IDENTIFIER = "fr.paxtiz.First-iOS-App";
				PRODUCT_NAME = "$(TARGET_NAME)";
				SWIFT_VERSION = 5.0;
				TARGETED_DEVICE_FAMILY = "1,2";
			};
			name = Release;
		};
/* End XCBuildConfiguration section */

/* Begin XCConfigurationList section */
		F100AD7823CA6CCD004A96B4 /* Build configuration list for PBXProject "First iOS App" */ = {
			isa = XCConfigurationList;
			buildConfigurations = (
				F100AD9223CA6CCF004A96B4 /* Debug */,
				F100AD9323CA6CCF004A96B4 /* Release */,
			);
			defaultConfigurationIsVisible = 0;
			defaultConfigurationName = Release;
		};
		F100AD9423CA6CCF004A96B4 /* Build configuration list for PBXNativeTarget "First iOS App" */ = {
			isa = XCConfigurationList;
			buildConfigurations = (
				F100AD9523CA6CCF004A96B4 /* Debug */,
				F100AD9623CA6CCF004A96B4 /* Release */,
			);
			defaultConfigurationIsVisible = 0;
			defaultConfigurationName = Release;
		};
/* End XCConfigurationList section */

/* Begin XCVersionGroup section */
		F100AD8423CA6CCE004A96B4 /* First_iOS_App.xcdatamodeld */ = {
			isa = XCVersionGroup;
			children = (
				F100AD8523CA6CCE004A96B4 /* First_iOS_App.xcdatamodel */,
			);
			currentVersion = F100AD8523CA6CCE004A96B4 /* First_iOS_App.xcdatamodel */;
			path = First_iOS_App.xcdatamodeld;
			sourceTree = "<group>";
			versionGroupType = wrapper.xcdatamodel;
		};
/* End XCVersionGroup section */
	};
	rootObject = F100AD7523CA6CCD004A96B4 /* Project object */;
}
